
Microsoft Visual Studio Solution File, Format Version 12.00
# Visual Studio Version 17
VisualStudioVersion = 17.6.33815.320
MinimumVisualStudioVersion = 10.0.40219.1
Project("{9A19103F-16F7-4668-BE54-9A1E7A4F7556}") = "DataAccess", "DataAccess\DataAccess.csproj", "{80DA3DED-0707-4D5D-9ABD-49A5A43602D8}"
EndProject
Project("{9A19103F-16F7-4668-BE54-9A1E7A4F7556}") = "Business", "Business\Business.csproj", "{4644F75F-C497-4F0E-9B79-4D0E05F419DA}"
EndProject
Project("{9A19103F-16F7-4668-BE54-9A1E7A4F7556}") = "Entities", "Entities\Entities.csproj", "{48A25730-93EE-4B6B-A49D-832CD5CDBA2E}"
EndProject
Project("{9A19103F-16F7-4668-BE54-9A1E7A4F7556}") = "ConsoleUI", "ConsoleUI\ConsoleUI.csproj", "{F4B38416-241F-4FE7-A55B-BA362952B0F3}"
EndProject
Project("{FAE04EC0-301F-11D3-BF4B-00C04F79EFBC}") = "Core", "Core\Core.csproj", "{AE18AB35-746E-4C01-9DFD-E3453457C723}"
EndProject
Global
	GlobalSection(SolutionConfigurationPlatforms) = preSolution
		Debug|Any CPU = Debug|Any CPU
		Release|Any CPU = Release|Any CPU
	EndGlobalSection
	GlobalSection(ProjectConfigurationPlatforms) = postSolution
		{80DA3DED-0707-4D5D-9ABD-49A5A43602D8}.Debug|Any CPU.ActiveCfg = Debug|Any CPU
		{80DA3DED-0707-4D5D-9ABD-49A5A43602D8}.Debug|Any CPU.Build.0 = Debug|Any CPU
		{80DA3DED-0707-4D5D-9ABD-49A5A43602D8}.Release|Any CPU.ActiveCfg = Release|Any CPU
		{80DA3DED-0707-4D5D-9ABD-49A5A43602D8}.Release|Any CPU.Build.0 = Release|Any CPU
		{4644F75F-C497-4F0E-9B79-4D0E05F419DA}.Debug|Any CPU.ActiveCfg = Debug|Any CPU
		{4644F75F-C497-4F0E-9B79-4D0E05F419DA}.Debug|Any CPU.Build.0 = Debug|Any CPU
		{4644F75F-C497-4F0E-9B79-4D0E05F419DA}.Release|Any CPU.ActiveCfg = Release|Any CPU
		{4644F75F-C497-4F0E-9B79-4D0E05F419DA}.Release|Any CPU.Build.0 = Release|Any CPU
		{48A25730-93EE-4B6B-A49D-832CD5CDBA2E}.Debug|Any CPU.ActiveCfg = Debug|Any CPU
		{48A25730-93EE-4B6B-A49D-832CD5CDBA2E}.Debug|Any CPU.Build.0 = Debug|Any CPU
		{48A25730-93EE-4B6B-A49D-832CD5CDBA2E}.Release|Any CPU.ActiveCfg = Release|Any CPU
		{48A25730-93EE-4B6B-A49D-832CD5CDBA2E}.Release|Any CPU.Build.0 = Release|Any CPU
		{F4B38416-241F-4FE7-A55B-BA362952B0F3}.Debug|Any CPU.ActiveCfg = Debug|Any CPU
		{F4B38416-241F-4FE7-A55B-BA362952B0F3}.Debug|Any CPU.Build.0 = Debug|Any CPU
		{F4B38416-241F-4FE7-A55B-BA362952B0F3}.Release|Any CPU.ActiveCfg = Release|Any CPU
		{F4B38416-241F-4FE7-A55B-BA362952B0F3}.Release|Any CPU.Build.0 = Release|Any CPU
		{AE18AB35-746E-4C01-9DFD-E3453457C723}.Debug|Any CPU.ActiveCfg = Debug|Any CPU
		{AE18AB35-746E-4C01-9DFD-E3453457C723}.Debug|Any CPU.Build.0 = Debug|Any CPU
		{AE18AB35-746E-4C01-9DFD-E3453457C723}.Release|Any CPU.ActiveCfg = Release|Any CPU
		{AE18AB35-746E-4C01-9DFD-E3453457C723}.Release|Any CPU.Build.0 = Release|Any CPU
	EndGlobalSection
	GlobalSection(SolutionProperties) = preSolution
		HideSolutionNode = FALSE
	EndGlobalSection
	GlobalSection(ExtensibilityGlobals) = postSolution
		SolutionGuid = {EB9029EB-09FE-4B05-8C19-E5EFA0A8AB1F}
	EndGlobalSection
EndGlobal
